// !$*UTF8*$!
{
	archiveVersion = 1;
	classes = {
	};
	objectVersion = 55;
	objects = {

/* Begin PBXBuildFile section */
		4A470CE3282733C000531395 /* AddUpdateSubViewModel.swift in Sources */ = {isa = PBXBuildFile; fileRef = 4A470CE2282733C000531395 /* AddUpdateSubViewModel.swift */; };
		4A470CE5282734C100531395 /* SubscriptionCD.swift in Sources */ = {isa = PBXBuildFile; fileRef = 4A470CE4282734C100531395 /* SubscriptionCD.swift */; };
		4A62BEA128209D0A00BA45DF /* BillingCycle.swift in Sources */ = {isa = PBXBuildFile; fileRef = 4A62BEA028209D0A00BA45DF /* BillingCycle.swift */; };
		4A62BEA328209D3900BA45DF /* Remind.swift in Sources */ = {isa = PBXBuildFile; fileRef = 4A62BEA228209D3900BA45DF /* Remind.swift */; };
		4A62BEAD28209E3D00BA45DF /* Currency.swift in Sources */ = {isa = PBXBuildFile; fileRef = 4A62BEAC28209E3D00BA45DF /* Currency.swift */; };
		4A62BEAF28209E6D00BA45DF /* CurrencyRanking.swift in Sources */ = {isa = PBXBuildFile; fileRef = 4A62BEAE28209E6D00BA45DF /* CurrencyRanking.swift */; };
		4A7FBC79281F50E300B4CAE2 /* SubscriptionCD.xcdatamodeld in Sources */ = {isa = PBXBuildFile; fileRef = 4A7FBC77281F50E300B4CAE2 /* SubscriptionCD.xcdatamodeld */; };
		6BBEB00D21F2213D28824692 /* Pods_SubscriptionsManager.framework in Frameworks */ = {isa = PBXBuildFile; fileRef = CDB0910380CA349C4F94E1C7 /* Pods_SubscriptionsManager.framework */; };
		E502771027FFCCC400B3C4F5 /* MTextRow.swift in Sources */ = {isa = PBXBuildFile; fileRef = E502770F27FFCCC400B3C4F5 /* MTextRow.swift */; };
		E502771327FFCF8F00B3C4F5 /* MDateRow.swift in Sources */ = {isa = PBXBuildFile; fileRef = E502771227FFCF8F00B3C4F5 /* MDateRow.swift */; };
		E515F8D6280A1C8800F58862 /* CurrencyPopularityRankings.json in Resources */ = {isa = PBXBuildFile; fileRef = E515F8D5280A1C8800F58862 /* CurrencyPopularityRankings.json */; };
		E5162D37280ACA320075EA15 /* AddUpdateSubHeader.swift in Sources */ = {isa = PBXBuildFile; fileRef = E5162D36280ACA320075EA15 /* AddUpdateSubHeader.swift */; };
		E52C61272800F88300909C9C /* MTriplePickerInputRow.swift in Sources */ = {isa = PBXBuildFile; fileRef = E52C61262800F88300909C9C /* MTriplePickerInputRow.swift */; };
		E52C61292800F9D000909C9C /* Constants.swift in Sources */ = {isa = PBXBuildFile; fileRef = E52C61282800F9D000909C9C /* Constants.swift */; };
		E547E1D727F2790C000A9E8F /* AppDelegate.swift in Sources */ = {isa = PBXBuildFile; fileRef = E547E1D627F2790C000A9E8F /* AppDelegate.swift */; };
		E547E1D927F2790C000A9E8F /* SceneDelegate.swift in Sources */ = {isa = PBXBuildFile; fileRef = E547E1D827F2790C000A9E8F /* SceneDelegate.swift */; };
		E547E1DB27F2790C000A9E8F /* HomeViewController.swift in Sources */ = {isa = PBXBuildFile; fileRef = E547E1DA27F2790C000A9E8F /* HomeViewController.swift */; };
		E547E1E027F2790C000A9E8F /* Assets.xcassets in Resources */ = {isa = PBXBuildFile; fileRef = E547E1DF27F2790C000A9E8F /* Assets.xcassets */; };
		E547E1E327F2790C000A9E8F /* LaunchScreen.storyboard in Resources */ = {isa = PBXBuildFile; fileRef = E547E1E127F2790C000A9E8F /* LaunchScreen.storyboard */; };
		E5525A62280E16BA001B0A05 /* Expense.swift in Sources */ = {isa = PBXBuildFile; fileRef = E5525A61280E16BA001B0A05 /* Expense.swift */; };
		E5525A64280E2C04001B0A05 /* AddExpenseViewController.swift in Sources */ = {isa = PBXBuildFile; fileRef = E5525A63280E2C04001B0A05 /* AddExpenseViewController.swift */; };
		E5525A66280E2C5E001B0A05 /* ExpenseViewCell.swift in Sources */ = {isa = PBXBuildFile; fileRef = E5525A65280E2C5E001B0A05 /* ExpenseViewCell.swift */; };
		E55A62C72808E40B009A89A4 /* CurrencyPickerHeader.swift in Sources */ = {isa = PBXBuildFile; fileRef = E55A62C62808E40B009A89A4 /* CurrencyPickerHeader.swift */; };
		E55C807F27F45DD60035CDC3 /* BottomTabView.swift in Sources */ = {isa = PBXBuildFile; fileRef = E55C807E27F45DD60035CDC3 /* BottomTabView.swift */; };
		E55C808227F45EAA0035CDC3 /* Extensions.swift in Sources */ = {isa = PBXBuildFile; fileRef = E55C808127F45EAA0035CDC3 /* Extensions.swift */; };
		E5604BE727FF1CB500B2107F /* AddUpdateSubViewController.swift in Sources */ = {isa = PBXBuildFile; fileRef = E5604BE627FF1CB500B2107F /* AddUpdateSubViewController.swift */; };
		E5686C6728097E96007ED8BB /* CurrencyService.swift in Sources */ = {isa = PBXBuildFile; fileRef = E5686C6628097E96007ED8BB /* CurrencyService.swift */; };
		E57E19B42809755400780332 /* Currencies.json in Resources */ = {isa = PBXBuildFile; fileRef = E57E19B32809755400780332 /* Currencies.json */; };
		E582D83E280CD872004741B5 /* CategoryPickerViewController.swift in Sources */ = {isa = PBXBuildFile; fileRef = E582D83D280CD872004741B5 /* CategoryPickerViewController.swift */; };
		E582D842280CD922004741B5 /* CategoryPickerHeader.swift in Sources */ = {isa = PBXBuildFile; fileRef = E582D841280CD922004741B5 /* CategoryPickerHeader.swift */; };
		E582D844280CD9E5004741B5 /* CategoryCell.swift in Sources */ = {isa = PBXBuildFile; fileRef = E582D843280CD9E5004741B5 /* CategoryCell.swift */; };
		E582D846280CDB34004741B5 /* MCategoryRow.swift in Sources */ = {isa = PBXBuildFile; fileRef = E582D845280CDB34004741B5 /* MCategoryRow.swift */; };
		E582D848280CDF43004741B5 /* CategoryRowViewModel.swift in Sources */ = {isa = PBXBuildFile; fileRef = E582D847280CDF43004741B5 /* CategoryRowViewModel.swift */; };
		E589F5FC2810B07700C71BAD /* SubscriptionService.swift in Sources */ = {isa = PBXBuildFile; fileRef = E589F5FB2810B07700C71BAD /* SubscriptionService.swift */; };
		E5926F9C2814B8AA00B3EE8B /* MLabel.swift in Sources */ = {isa = PBXBuildFile; fileRef = E5926F9B2814B8AA00B3EE8B /* MLabel.swift */; };
		E59B478F27FC3BE800B76E10 /* EntryTableViewCell.swift in Sources */ = {isa = PBXBuildFile; fileRef = E59B478E27FC3BE800B76E10 /* EntryTableViewCell.swift */; };
		E59B479127FC3CB900B76E10 /* EntryTableViewCellViewModel.swift in Sources */ = {isa = PBXBuildFile; fileRef = E59B479027FC3CB900B76E10 /* EntryTableViewCellViewModel.swift */; };
		E59F2C5228026BC6001DD28C /* FormPickerInputAccessoryView.swift in Sources */ = {isa = PBXBuildFile; fileRef = E59F2C5128026BC6001DD28C /* FormPickerInputAccessoryView.swift */; };
		E5A62B6727F90579004FA950 /* SubscriptionViewCell.swift in Sources */ = {isa = PBXBuildFile; fileRef = E5A62B6627F90579004FA950 /* SubscriptionViewCell.swift */; };
		E5A62B6A27F90697004FA950 /* SubscriptionViewCellViewModel.swift in Sources */ = {isa = PBXBuildFile; fileRef = E5A62B6927F90697004FA950 /* SubscriptionViewCellViewModel.swift */; };
		E5A62B6F27F926B4004FA950 /* SubscriptionSection.swift in Sources */ = {isa = PBXBuildFile; fileRef = E5A62B6E27F926B4004FA950 /* SubscriptionSection.swift */; };
		E5B7BAC52812EFCA00F6A78B /* TotalSubHeader.swift in Sources */ = {isa = PBXBuildFile; fileRef = E5B7BAC42812EFCA00F6A78B /* TotalSubHeader.swift */; };
		E5BD0C09281895A8000E4706 /* HeaderTotalView.swift in Sources */ = {isa = PBXBuildFile; fileRef = E5BD0C08281895A8000E4706 /* HeaderTotalView.swift */; };
		E5DF4CF628037F9200AB1671 /* CurrencyCell.swift in Sources */ = {isa = PBXBuildFile; fileRef = E5DF4CF528037F9200AB1671 /* CurrencyCell.swift */; };
		E5E7B51927FDB00E00FAAEA2 /* SubscriptionHeaderViewModel.swift in Sources */ = {isa = PBXBuildFile; fileRef = E5E7B51827FDB00E00FAAEA2 /* SubscriptionHeaderViewModel.swift */; };
		E5F1B8EF2802F44D003B7BEB /* MPushRow.swift in Sources */ = {isa = PBXBuildFile; fileRef = E5F1B8EE2802F44D003B7BEB /* MPushRow.swift */; };
		E5F1B8F22802FB75003B7BEB /* CurrencyPickerController.swift in Sources */ = {isa = PBXBuildFile; fileRef = E5F1B8F12802FB75003B7BEB /* CurrencyPickerController.swift */; };
		E5F1B8F42802FE5F003B7BEB /* MCurrencyRow.swift in Sources */ = {isa = PBXBuildFile; fileRef = E5F1B8F32802FE5F003B7BEB /* MCurrencyRow.swift */; };
		E5F7AFF727FD1A9F00487466 /* SubscriptionHeader.swift in Sources */ = {isa = PBXBuildFile; fileRef = E5F7AFF627FD1A9F00487466 /* SubscriptionHeader.swift */; };
		E5FFACA0281B404C00A5D0E3 /* MSegmentedControl.swift in Sources */ = {isa = PBXBuildFile; fileRef = E5FFAC9F281B404C00A5D0E3 /* MSegmentedControl.swift */; };
/* End PBXBuildFile section */

/* Begin PBXFileReference section */
		4A470CE2282733C000531395 /* AddUpdateSubViewModel.swift */ = {isa = PBXFileReference; lastKnownFileType = sourcecode.swift; path = AddUpdateSubViewModel.swift; sourceTree = "<group>"; };
		4A470CE4282734C100531395 /* SubscriptionCD.swift */ = {isa = PBXFileReference; lastKnownFileType = sourcecode.swift; path = SubscriptionCD.swift; sourceTree = "<group>"; };
		4A62BEA028209D0A00BA45DF /* BillingCycle.swift */ = {isa = PBXFileReference; fileEncoding = 4; lastKnownFileType = sourcecode.swift; path = BillingCycle.swift; sourceTree = "<group>"; };
		4A62BEA228209D3900BA45DF /* Remind.swift */ = {isa = PBXFileReference; fileEncoding = 4; lastKnownFileType = sourcecode.swift; path = Remind.swift; sourceTree = "<group>"; };
		4A62BEAC28209E3D00BA45DF /* Currency.swift */ = {isa = PBXFileReference; fileEncoding = 4; lastKnownFileType = sourcecode.swift; path = Currency.swift; sourceTree = "<group>"; };
		4A62BEAE28209E6D00BA45DF /* CurrencyRanking.swift */ = {isa = PBXFileReference; lastKnownFileType = sourcecode.swift; path = CurrencyRanking.swift; sourceTree = "<group>"; };
		4A7FBC78281F50E300B4CAE2 /* SubscriptionCD.xcdatamodel */ = {isa = PBXFileReference; lastKnownFileType = wrapper.xcdatamodel; path = SubscriptionCD.xcdatamodel; sourceTree = "<group>"; };
		CDB0910380CA349C4F94E1C7 /* Pods_SubscriptionsManager.framework */ = {isa = PBXFileReference; explicitFileType = wrapper.framework; includeInIndex = 0; path = Pods_SubscriptionsManager.framework; sourceTree = BUILT_PRODUCTS_DIR; };
		DA12B6304B760CE8CB769294 /* Pods-SubscriptionsManager.release.xcconfig */ = {isa = PBXFileReference; includeInIndex = 1; lastKnownFileType = text.xcconfig; name = "Pods-SubscriptionsManager.release.xcconfig"; path = "Target Support Files/Pods-SubscriptionsManager/Pods-SubscriptionsManager.release.xcconfig"; sourceTree = "<group>"; };
		E502770F27FFCCC400B3C4F5 /* MTextRow.swift */ = {isa = PBXFileReference; lastKnownFileType = sourcecode.swift; path = MTextRow.swift; sourceTree = "<group>"; };
		E502771227FFCF8F00B3C4F5 /* MDateRow.swift */ = {isa = PBXFileReference; lastKnownFileType = sourcecode.swift; path = MDateRow.swift; sourceTree = "<group>"; };
		E515F8D5280A1C8800F58862 /* CurrencyPopularityRankings.json */ = {isa = PBXFileReference; fileEncoding = 4; lastKnownFileType = text.json; path = CurrencyPopularityRankings.json; sourceTree = "<group>"; };
		E5162D36280ACA320075EA15 /* AddUpdateSubHeader.swift */ = {isa = PBXFileReference; lastKnownFileType = sourcecode.swift; path = AddUpdateSubHeader.swift; sourceTree = "<group>"; };
		E52C61262800F88300909C9C /* MTriplePickerInputRow.swift */ = {isa = PBXFileReference; lastKnownFileType = sourcecode.swift; path = MTriplePickerInputRow.swift; sourceTree = "<group>"; };
		E52C61282800F9D000909C9C /* Constants.swift */ = {isa = PBXFileReference; lastKnownFileType = sourcecode.swift; path = Constants.swift; sourceTree = "<group>"; };
		E547E1D327F2790C000A9E8F /* SubscriptionsManager.app */ = {isa = PBXFileReference; explicitFileType = wrapper.application; includeInIndex = 0; path = SubscriptionsManager.app; sourceTree = BUILT_PRODUCTS_DIR; };
		E547E1D627F2790C000A9E8F /* AppDelegate.swift */ = {isa = PBXFileReference; lastKnownFileType = sourcecode.swift; path = AppDelegate.swift; sourceTree = "<group>"; };
		E547E1D827F2790C000A9E8F /* SceneDelegate.swift */ = {isa = PBXFileReference; lastKnownFileType = sourcecode.swift; path = SceneDelegate.swift; sourceTree = "<group>"; };
		E547E1DA27F2790C000A9E8F /* HomeViewController.swift */ = {isa = PBXFileReference; lastKnownFileType = sourcecode.swift; path = HomeViewController.swift; sourceTree = "<group>"; };
		E547E1DF27F2790C000A9E8F /* Assets.xcassets */ = {isa = PBXFileReference; lastKnownFileType = folder.assetcatalog; path = Assets.xcassets; sourceTree = "<group>"; };
		E547E1E227F2790C000A9E8F /* Base */ = {isa = PBXFileReference; lastKnownFileType = file.storyboard; name = Base; path = Base.lproj/LaunchScreen.storyboard; sourceTree = "<group>"; };
		E547E1E427F2790C000A9E8F /* Info.plist */ = {isa = PBXFileReference; lastKnownFileType = text.plist.xml; path = Info.plist; sourceTree = "<group>"; };
		E5525A61280E16BA001B0A05 /* Expense.swift */ = {isa = PBXFileReference; lastKnownFileType = sourcecode.swift; path = Expense.swift; sourceTree = "<group>"; };
		E5525A63280E2C04001B0A05 /* AddExpenseViewController.swift */ = {isa = PBXFileReference; lastKnownFileType = sourcecode.swift; path = AddExpenseViewController.swift; sourceTree = "<group>"; };
		E5525A65280E2C5E001B0A05 /* ExpenseViewCell.swift */ = {isa = PBXFileReference; lastKnownFileType = sourcecode.swift; path = ExpenseViewCell.swift; sourceTree = "<group>"; };
		E55A62C62808E40B009A89A4 /* CurrencyPickerHeader.swift */ = {isa = PBXFileReference; lastKnownFileType = sourcecode.swift; path = CurrencyPickerHeader.swift; sourceTree = "<group>"; };
		E55C807E27F45DD60035CDC3 /* BottomTabView.swift */ = {isa = PBXFileReference; lastKnownFileType = sourcecode.swift; path = BottomTabView.swift; sourceTree = "<group>"; };
		E55C808127F45EAA0035CDC3 /* Extensions.swift */ = {isa = PBXFileReference; lastKnownFileType = sourcecode.swift; path = Extensions.swift; sourceTree = "<group>"; };
		E5604BE627FF1CB500B2107F /* AddUpdateSubViewController.swift */ = {isa = PBXFileReference; lastKnownFileType = sourcecode.swift; path = AddUpdateSubViewController.swift; sourceTree = "<group>"; };
		E5686C6628097E96007ED8BB /* CurrencyService.swift */ = {isa = PBXFileReference; lastKnownFileType = sourcecode.swift; path = CurrencyService.swift; sourceTree = "<group>"; };
		E57E19B32809755400780332 /* Currencies.json */ = {isa = PBXFileReference; fileEncoding = 4; lastKnownFileType = text.json; path = Currencies.json; sourceTree = "<group>"; };
		E582D83D280CD872004741B5 /* CategoryPickerViewController.swift */ = {isa = PBXFileReference; lastKnownFileType = sourcecode.swift; path = CategoryPickerViewController.swift; sourceTree = "<group>"; };
		E582D841280CD922004741B5 /* CategoryPickerHeader.swift */ = {isa = PBXFileReference; lastKnownFileType = sourcecode.swift; path = CategoryPickerHeader.swift; sourceTree = "<group>"; };
		E582D843280CD9E5004741B5 /* CategoryCell.swift */ = {isa = PBXFileReference; lastKnownFileType = sourcecode.swift; path = CategoryCell.swift; sourceTree = "<group>"; };
		E582D845280CDB34004741B5 /* MCategoryRow.swift */ = {isa = PBXFileReference; lastKnownFileType = sourcecode.swift; path = MCategoryRow.swift; sourceTree = "<group>"; };
		E582D847280CDF43004741B5 /* CategoryRowViewModel.swift */ = {isa = PBXFileReference; lastKnownFileType = sourcecode.swift; path = CategoryRowViewModel.swift; sourceTree = "<group>"; };
		E589F5FB2810B07700C71BAD /* SubscriptionService.swift */ = {isa = PBXFileReference; lastKnownFileType = sourcecode.swift; path = SubscriptionService.swift; sourceTree = "<group>"; };
		E5926F9B2814B8AA00B3EE8B /* MLabel.swift */ = {isa = PBXFileReference; lastKnownFileType = sourcecode.swift; path = MLabel.swift; sourceTree = "<group>"; };
		E59B478E27FC3BE800B76E10 /* EntryTableViewCell.swift */ = {isa = PBXFileReference; lastKnownFileType = sourcecode.swift; path = EntryTableViewCell.swift; sourceTree = "<group>"; };
		E59B479027FC3CB900B76E10 /* EntryTableViewCellViewModel.swift */ = {isa = PBXFileReference; lastKnownFileType = sourcecode.swift; path = EntryTableViewCellViewModel.swift; sourceTree = "<group>"; };
		E59F2C5128026BC6001DD28C /* FormPickerInputAccessoryView.swift */ = {isa = PBXFileReference; lastKnownFileType = sourcecode.swift; path = FormPickerInputAccessoryView.swift; sourceTree = "<group>"; };
		E5A62B6627F90579004FA950 /* SubscriptionViewCell.swift */ = {isa = PBXFileReference; lastKnownFileType = sourcecode.swift; path = SubscriptionViewCell.swift; sourceTree = "<group>"; };
		E5A62B6927F90697004FA950 /* SubscriptionViewCellViewModel.swift */ = {isa = PBXFileReference; lastKnownFileType = sourcecode.swift; path = SubscriptionViewCellViewModel.swift; sourceTree = "<group>"; };
		E5A62B6E27F926B4004FA950 /* SubscriptionSection.swift */ = {isa = PBXFileReference; lastKnownFileType = sourcecode.swift; path = SubscriptionSection.swift; sourceTree = "<group>"; };
		E5B7BAC42812EFCA00F6A78B /* TotalSubHeader.swift */ = {isa = PBXFileReference; lastKnownFileType = sourcecode.swift; path = TotalSubHeader.swift; sourceTree = "<group>"; };
		E5BD0C08281895A8000E4706 /* HeaderTotalView.swift */ = {isa = PBXFileReference; lastKnownFileType = sourcecode.swift; path = HeaderTotalView.swift; sourceTree = "<group>"; };
		E5DF4CF528037F9200AB1671 /* CurrencyCell.swift */ = {isa = PBXFileReference; lastKnownFileType = sourcecode.swift; path = CurrencyCell.swift; sourceTree = "<group>"; };
		E5E7B51827FDB00E00FAAEA2 /* SubscriptionHeaderViewModel.swift */ = {isa = PBXFileReference; lastKnownFileType = sourcecode.swift; path = SubscriptionHeaderViewModel.swift; sourceTree = "<group>"; };
		E5F1B8EE2802F44D003B7BEB /* MPushRow.swift */ = {isa = PBXFileReference; lastKnownFileType = sourcecode.swift; path = MPushRow.swift; sourceTree = "<group>"; };
		E5F1B8F12802FB75003B7BEB /* CurrencyPickerController.swift */ = {isa = PBXFileReference; lastKnownFileType = sourcecode.swift; path = CurrencyPickerController.swift; sourceTree = "<group>"; };
		E5F1B8F32802FE5F003B7BEB /* MCurrencyRow.swift */ = {isa = PBXFileReference; lastKnownFileType = sourcecode.swift; path = MCurrencyRow.swift; sourceTree = "<group>"; };
		E5F7AFF627FD1A9F00487466 /* SubscriptionHeader.swift */ = {isa = PBXFileReference; lastKnownFileType = sourcecode.swift; path = SubscriptionHeader.swift; sourceTree = "<group>"; };
		E5FFAC9F281B404C00A5D0E3 /* MSegmentedControl.swift */ = {isa = PBXFileReference; lastKnownFileType = sourcecode.swift; path = MSegmentedControl.swift; sourceTree = "<group>"; };
		F228FE0B16AAF6ADCF8DF743 /* Pods-SubscriptionsManager.debug.xcconfig */ = {isa = PBXFileReference; includeInIndex = 1; lastKnownFileType = text.xcconfig; name = "Pods-SubscriptionsManager.debug.xcconfig"; path = "Target Support Files/Pods-SubscriptionsManager/Pods-SubscriptionsManager.debug.xcconfig"; sourceTree = "<group>"; };
/* End PBXFileReference section */

/* Begin PBXFrameworksBuildPhase section */
		E547E1D027F2790C000A9E8F /* Frameworks */ = {
			isa = PBXFrameworksBuildPhase;
			buildActionMask = 2147483647;
			files = (
				6BBEB00D21F2213D28824692 /* Pods_SubscriptionsManager.framework in Frameworks */,
			);
			runOnlyForDeploymentPostprocessing = 0;
		};
/* End PBXFrameworksBuildPhase section */

/* Begin PBXGroup section */
		3B9542E5522F53234B055338 /* Pods */ = {
			isa = PBXGroup;
			children = (
				F228FE0B16AAF6ADCF8DF743 /* Pods-SubscriptionsManager.debug.xcconfig */,
				DA12B6304B760CE8CB769294 /* Pods-SubscriptionsManager.release.xcconfig */,
			);
			path = Pods;
			sourceTree = "<group>";
		};
		4A62BE852820997D00BA45DF /* CoreData */ = {
			isa = PBXGroup;
			children = (
				4A470CE4282734C100531395 /* SubscriptionCD.swift */,
			);
			path = CoreData;
			sourceTree = "<group>";
		};
		D75688FA653235ABC68D5101 /* Frameworks */ = {
			isa = PBXGroup;
			children = (
				CDB0910380CA349C4F94E1C7 /* Pods_SubscriptionsManager.framework */,
			);
			name = Frameworks;
			sourceTree = "<group>";
		};
		E502771127FFCE3A00B3C4F5 /* Forms */ = {
			isa = PBXGroup;
			children = (
				E5CF1108280383DC00CF51C1 /* Rows */,
				E59F2C5128026BC6001DD28C /* FormPickerInputAccessoryView.swift */,
			);
			path = Forms;
			sourceTree = "<group>";
		};
		E547E1CA27F2790C000A9E8F = {
			isa = PBXGroup;
			children = (
				E547E1D527F2790C000A9E8F /* SubscriptionsManager */,
				E547E1D427F2790C000A9E8F /* Products */,
				3B9542E5522F53234B055338 /* Pods */,
				D75688FA653235ABC68D5101 /* Frameworks */,
			);
			sourceTree = "<group>";
		};
		E547E1D427F2790C000A9E8F /* Products */ = {
			isa = PBXGroup;
			children = (
				E547E1D327F2790C000A9E8F /* SubscriptionsManager.app */,
			);
			name = Products;
			sourceTree = "<group>";
		};
		E547E1D527F2790C000A9E8F /* SubscriptionsManager */ = {
			isa = PBXGroup;
			children = (
				E5686C6528097E89007ED8BB /* Services */,
				E55C808027F45E960035CDC3 /* Resources */,
				E5A62B6D27F92694004FA950 /* Models */,
				E5A62B6827F90652004FA950 /* ViewModels */,
				E547E1EB27F279CA000A9E8F /* View */,
				E547E1EA27F27992000A9E8F /* Controllers */,
				E547E1E427F2790C000A9E8F /* Info.plist */,
				4A7FBC77281F50E300B4CAE2 /* SubscriptionCD.xcdatamodeld */,
			);
			path = SubscriptionsManager;
			sourceTree = "<group>";
		};
		E547E1EA27F27992000A9E8F /* Controllers */ = {
			isa = PBXGroup;
			children = (
				E547E1DA27F2790C000A9E8F /* HomeViewController.swift */,
				E5525A63280E2C04001B0A05 /* AddExpenseViewController.swift */,
				E5604BE627FF1CB500B2107F /* AddUpdateSubViewController.swift */,
				E582D83F280CD876004741B5 /* Pickers */,
			);
			path = Controllers;
			sourceTree = "<group>";
		};
		E547E1EB27F279CA000A9E8F /* View */ = {
			isa = PBXGroup;
			children = (
				E582D840280CD8F9004741B5 /* Headers */,
				E5DF4CF428037F5200AB1671 /* Cells */,
				E502771127FFCE3A00B3C4F5 /* Forms */,
				E547E1E127F2790C000A9E8F /* LaunchScreen.storyboard */,
				E55C807E27F45DD60035CDC3 /* BottomTabView.swift */,
				E59B478E27FC3BE800B76E10 /* EntryTableViewCell.swift */,
				E5926F9B2814B8AA00B3EE8B /* MLabel.swift */,
				E5BD0C08281895A8000E4706 /* HeaderTotalView.swift */,
				E5FFAC9F281B404C00A5D0E3 /* MSegmentedControl.swift */,
			);
			path = View;
			sourceTree = "<group>";
		};
		E55C808027F45E960035CDC3 /* Resources */ = {
			isa = PBXGroup;
			children = (
				E547E1D627F2790C000A9E8F /* AppDelegate.swift */,
				E547E1D827F2790C000A9E8F /* SceneDelegate.swift */,
				E55C808127F45EAA0035CDC3 /* Extensions.swift */,
				E52C61282800F9D000909C9C /* Constants.swift */,
				E547E1DF27F2790C000A9E8F /* Assets.xcassets */,
				E57E19B32809755400780332 /* Currencies.json */,
				E515F8D5280A1C8800F58862 /* CurrencyPopularityRankings.json */,
			);
			path = Resources;
			sourceTree = "<group>";
		};
		E5686C6528097E89007ED8BB /* Services */ = {
			isa = PBXGroup;
			children = (
				E5686C6628097E96007ED8BB /* CurrencyService.swift */,
				E589F5FB2810B07700C71BAD /* SubscriptionService.swift */,
			);
			path = Services;
			sourceTree = "<group>";
		};
		E582D83F280CD876004741B5 /* Pickers */ = {
			isa = PBXGroup;
			children = (
				E5F1B8F12802FB75003B7BEB /* CurrencyPickerController.swift */,
				E582D83D280CD872004741B5 /* CategoryPickerViewController.swift */,
			);
			path = Pickers;
			sourceTree = "<group>";
		};
		E582D840280CD8F9004741B5 /* Headers */ = {
			isa = PBXGroup;
			children = (
				E5F7AFF627FD1A9F00487466 /* SubscriptionHeader.swift */,
				E55A62C62808E40B009A89A4 /* CurrencyPickerHeader.swift */,
				E5162D36280ACA320075EA15 /* AddUpdateSubHeader.swift */,
				E582D841280CD922004741B5 /* CategoryPickerHeader.swift */,
				E5B7BAC42812EFCA00F6A78B /* TotalSubHeader.swift */,
			);
			path = Headers;
			sourceTree = "<group>";
		};
		E5A62B6827F90652004FA950 /* ViewModels */ = {
			isa = PBXGroup;
			children = (
				E5A62B6927F90697004FA950 /* SubscriptionViewCellViewModel.swift */,
				E59B479027FC3CB900B76E10 /* EntryTableViewCellViewModel.swift */,
				E5E7B51827FDB00E00FAAEA2 /* SubscriptionHeaderViewModel.swift */,
				E582D847280CDF43004741B5 /* CategoryRowViewModel.swift */,
				4A470CE2282733C000531395 /* AddUpdateSubViewModel.swift */,
			);
			path = ViewModels;
			sourceTree = "<group>";
		};
		E5A62B6D27F92694004FA950 /* Models */ = {
			isa = PBXGroup;
			children = (
				4A62BE852820997D00BA45DF /* CoreData */,
				E5A62B6E27F926B4004FA950 /* SubscriptionSection.swift */,
				4A62BEA228209D3900BA45DF /* Remind.swift */,
				4A62BEA028209D0A00BA45DF /* BillingCycle.swift */,
				4A62BEAC28209E3D00BA45DF /* Currency.swift */,
				E5525A61280E16BA001B0A05 /* Expense.swift */,
				4A62BEAE28209E6D00BA45DF /* CurrencyRanking.swift */,
			);
			path = Models;
			sourceTree = "<group>";
		};
		E5CF1108280383DC00CF51C1 /* Rows */ = {
			isa = PBXGroup;
			children = (
				E582D845280CDB34004741B5 /* MCategoryRow.swift */,
				E5F1B8F32802FE5F003B7BEB /* MCurrencyRow.swift */,
				E502770F27FFCCC400B3C4F5 /* MTextRow.swift */,
				E502771227FFCF8F00B3C4F5 /* MDateRow.swift */,
				E5F1B8EE2802F44D003B7BEB /* MPushRow.swift */,
				E52C61262800F88300909C9C /* MTriplePickerInputRow.swift */,
			);
			path = Rows;
			sourceTree = "<group>";
		};
		E5DF4CF428037F5200AB1671 /* Cells */ = {
			isa = PBXGroup;
			children = (
				E5DF4CF528037F9200AB1671 /* CurrencyCell.swift */,
				E5A62B6627F90579004FA950 /* SubscriptionViewCell.swift */,
				E582D843280CD9E5004741B5 /* CategoryCell.swift */,
				E5525A65280E2C5E001B0A05 /* ExpenseViewCell.swift */,
			);
			path = Cells;
			sourceTree = "<group>";
		};
/* End PBXGroup section */

/* Begin PBXNativeTarget section */
		E547E1D227F2790C000A9E8F /* SubscriptionsManager */ = {
			isa = PBXNativeTarget;
			buildConfigurationList = E547E1E727F2790C000A9E8F /* Build configuration list for PBXNativeTarget "SubscriptionsManager" */;
			buildPhases = (
				0EAEBA961D98F1E4B443489D /* [CP] Check Pods Manifest.lock */,
				E547E1CF27F2790C000A9E8F /* Sources */,
				E547E1D027F2790C000A9E8F /* Frameworks */,
				E547E1D127F2790C000A9E8F /* Resources */,
				D66B6091A004D07DAF9DE924 /* [CP] Embed Pods Frameworks */,
			);
			buildRules = (
			);
			dependencies = (
			);
			name = SubscriptionsManager;
			productName = SubscriptionsManager;
			productReference = E547E1D327F2790C000A9E8F /* SubscriptionsManager.app */;
			productType = "com.apple.product-type.application";
		};
/* End PBXNativeTarget section */

/* Begin PBXProject section */
		E547E1CB27F2790C000A9E8F /* Project object */ = {
			isa = PBXProject;
			attributes = {
				BuildIndependentTargetsInParallel = 1;
				LastSwiftUpdateCheck = 1330;
				LastUpgradeCheck = 1330;
				TargetAttributes = {
					E547E1D227F2790C000A9E8F = {
						CreatedOnToolsVersion = 13.3;
					};
				};
			};
			buildConfigurationList = E547E1CE27F2790C000A9E8F /* Build configuration list for PBXProject "SubscriptionsManager" */;
			compatibilityVersion = "Xcode 13.0";
			developmentRegion = en;
			hasScannedForEncodings = 0;
			knownRegions = (
				en,
				Base,
			);
			mainGroup = E547E1CA27F2790C000A9E8F;
			productRefGroup = E547E1D427F2790C000A9E8F /* Products */;
			projectDirPath = "";
			projectRoot = "";
			targets = (
				E547E1D227F2790C000A9E8F /* SubscriptionsManager */,
			);
		};
/* End PBXProject section */

/* Begin PBXResourcesBuildPhase section */
		E547E1D127F2790C000A9E8F /* Resources */ = {
			isa = PBXResourcesBuildPhase;
			buildActionMask = 2147483647;
			files = (
				E515F8D6280A1C8800F58862 /* CurrencyPopularityRankings.json in Resources */,
				E547E1E327F2790C000A9E8F /* LaunchScreen.storyboard in Resources */,
				E547E1E027F2790C000A9E8F /* Assets.xcassets in Resources */,
				E57E19B42809755400780332 /* Currencies.json in Resources */,
			);
			runOnlyForDeploymentPostprocessing = 0;
		};
/* End PBXResourcesBuildPhase section */

/* Begin PBXShellScriptBuildPhase section */
		0EAEBA961D98F1E4B443489D /* [CP] Check Pods Manifest.lock */ = {
			isa = PBXShellScriptBuildPhase;
			buildActionMask = 2147483647;
			files = (
			);
			inputFileListPaths = (
			);
			inputPaths = (
				"${PODS_PODFILE_DIR_PATH}/Podfile.lock",
				"${PODS_ROOT}/Manifest.lock",
			);
			name = "[CP] Check Pods Manifest.lock";
			outputFileListPaths = (
			);
			outputPaths = (
				"$(DERIVED_FILE_DIR)/Pods-SubscriptionsManager-checkManifestLockResult.txt",
			);
			runOnlyForDeploymentPostprocessing = 0;
			shellPath = /bin/sh;
			shellScript = "diff \"${PODS_PODFILE_DIR_PATH}/Podfile.lock\" \"${PODS_ROOT}/Manifest.lock\" > /dev/null\nif [ $? != 0 ] ; then\n    # print error to STDERR\n    echo \"error: The sandbox is not in sync with the Podfile.lock. Run 'pod install' or update your CocoaPods installation.\" >&2\n    exit 1\nfi\n# This output is used by Xcode 'outputs' to avoid re-running this script phase.\necho \"SUCCESS\" > \"${SCRIPT_OUTPUT_FILE_0}\"\n";
			showEnvVarsInLog = 0;
		};
		D66B6091A004D07DAF9DE924 /* [CP] Embed Pods Frameworks */ = {
			isa = PBXShellScriptBuildPhase;
			buildActionMask = 2147483647;
			files = (
			);
			inputFileListPaths = (
				"${PODS_ROOT}/Target Support Files/Pods-SubscriptionsManager/Pods-SubscriptionsManager-frameworks-${CONFIGURATION}-input-files.xcfilelist",
			);
			name = "[CP] Embed Pods Frameworks";
			outputFileListPaths = (
				"${PODS_ROOT}/Target Support Files/Pods-SubscriptionsManager/Pods-SubscriptionsManager-frameworks-${CONFIGURATION}-output-files.xcfilelist",
			);
			runOnlyForDeploymentPostprocessing = 0;
			shellPath = /bin/sh;
			shellScript = "\"${PODS_ROOT}/Target Support Files/Pods-SubscriptionsManager/Pods-SubscriptionsManager-frameworks.sh\"\n";
			showEnvVarsInLog = 0;
		};
/* End PBXShellScriptBuildPhase section */

/* Begin PBXSourcesBuildPhase section */
		E547E1CF27F2790C000A9E8F /* Sources */ = {
			isa = PBXSourcesBuildPhase;
			buildActionMask = 2147483647;
			files = (
				E582D846280CDB34004741B5 /* MCategoryRow.swift in Sources */,
				E582D83E280CD872004741B5 /* CategoryPickerViewController.swift in Sources */,
				E59B479127FC3CB900B76E10 /* EntryTableViewCellViewModel.swift in Sources */,
				E55C808227F45EAA0035CDC3 /* Extensions.swift in Sources */,
				E5BD0C09281895A8000E4706 /* HeaderTotalView.swift in Sources */,
				4A470CE5282734C100531395 /* SubscriptionCD.swift in Sources */,
				E5525A62280E16BA001B0A05 /* Expense.swift in Sources */,
				E582D848280CDF43004741B5 /* CategoryRowViewModel.swift in Sources */,
				E5F1B8EF2802F44D003B7BEB /* MPushRow.swift in Sources */,
				E5E7B51927FDB00E00FAAEA2 /* SubscriptionHeaderViewModel.swift in Sources */,
				4A7FBC79281F50E300B4CAE2 /* SubscriptionCD.xcdatamodeld in Sources */,
				E502771027FFCCC400B3C4F5 /* MTextRow.swift in Sources */,
				E547E1DB27F2790C000A9E8F /* HomeViewController.swift in Sources */,
				E55C807F27F45DD60035CDC3 /* BottomTabView.swift in Sources */,
				E5A62B6727F90579004FA950 /* SubscriptionViewCell.swift in Sources */,
				E582D842280CD922004741B5 /* CategoryPickerHeader.swift in Sources */,
				E5F7AFF727FD1A9F00487466 /* SubscriptionHeader.swift in Sources */,
				E5F1B8F22802FB75003B7BEB /* CurrencyPickerController.swift in Sources */,
				E5B7BAC52812EFCA00F6A78B /* TotalSubHeader.swift in Sources */,
				E5525A66280E2C5E001B0A05 /* ExpenseViewCell.swift in Sources */,
				E547E1D727F2790C000A9E8F /* AppDelegate.swift in Sources */,
				E5525A64280E2C04001B0A05 /* AddExpenseViewController.swift in Sources */,
				E5F1B8F42802FE5F003B7BEB /* MCurrencyRow.swift in Sources */,
				E5A62B6A27F90697004FA950 /* SubscriptionViewCellViewModel.swift in Sources */,
				E582D844280CD9E5004741B5 /* CategoryCell.swift in Sources */,
				E59B478F27FC3BE800B76E10 /* EntryTableViewCell.swift in Sources */,
				E59F2C5228026BC6001DD28C /* FormPickerInputAccessoryView.swift in Sources */,
				E5926F9C2814B8AA00B3EE8B /* MLabel.swift in Sources */,
				E5FFACA0281B404C00A5D0E3 /* MSegmentedControl.swift in Sources */,
				E5162D37280ACA320075EA15 /* AddUpdateSubHeader.swift in Sources */,
				E589F5FC2810B07700C71BAD /* SubscriptionService.swift in Sources */,
				E5686C6728097E96007ED8BB /* CurrencyService.swift in Sources */,
				E52C61272800F88300909C9C /* MTriplePickerInputRow.swift in Sources */,
				E5604BE727FF1CB500B2107F /* AddUpdateSubViewController.swift in Sources */,
				4A470CE3282733C000531395 /* AddUpdateSubViewModel.swift in Sources */,
				4A62BEA128209D0A00BA45DF /* BillingCycle.swift in Sources */,
				4A62BEAF28209E6D00BA45DF /* CurrencyRanking.swift in Sources */,
				E502771327FFCF8F00B3C4F5 /* MDateRow.swift in Sources */,
				4A62BEAD28209E3D00BA45DF /* Currency.swift in Sources */,
				4A62BEA328209D3900BA45DF /* Remind.swift in Sources */,
				E5A62B6F27F926B4004FA950 /* SubscriptionSection.swift in Sources */,
				E547E1D927F2790C000A9E8F /* SceneDelegate.swift in Sources */,
				E52C61292800F9D000909C9C /* Constants.swift in Sources */,
				E5DF4CF628037F9200AB1671 /* CurrencyCell.swift in Sources */,
				E55A62C72808E40B009A89A4 /* CurrencyPickerHeader.swift in Sources */,
			);
			runOnlyForDeploymentPostprocessing = 0;
		};
/* End PBXSourcesBuildPhase section */

/* Begin PBXVariantGroup section */
		E547E1E127F2790C000A9E8F /* LaunchScreen.storyboard */ = {
			isa = PBXVariantGroup;
			children = (
				E547E1E227F2790C000A9E8F /* Base */,
			);
			name = LaunchScreen.storyboard;
			sourceTree = "<group>";
		};
/* End PBXVariantGroup section */

/* Begin XCBuildConfiguration section */
		E547E1E527F2790C000A9E8F /* Debug */ = {
			isa = XCBuildConfiguration;
			buildSettings = {
				ALWAYS_SEARCH_USER_PATHS = NO;
				CLANG_ANALYZER_NONNULL = YES;
				CLANG_ANALYZER_NUMBER_OBJECT_CONVERSION = YES_AGGRESSIVE;
				CLANG_CXX_LANGUAGE_STANDARD = "gnu++17";
				CLANG_ENABLE_MODULES = YES;
				CLANG_ENABLE_OBJC_ARC = YES;
				CLANG_ENABLE_OBJC_WEAK = YES;
				CLANG_WARN_BLOCK_CAPTURE_AUTORELEASING = YES;
				CLANG_WARN_BOOL_CONVERSION = YES;
				CLANG_WARN_COMMA = YES;
				CLANG_WARN_CONSTANT_CONVERSION = YES;
				CLANG_WARN_DEPRECATED_OBJC_IMPLEMENTATIONS = YES;
				CLANG_WARN_DIRECT_OBJC_ISA_USAGE = YES_ERROR;
				CLANG_WARN_DOCUMENTATION_COMMENTS = YES;
				CLANG_WARN_EMPTY_BODY = YES;
				CLANG_WARN_ENUM_CONVERSION = YES;
				CLANG_WARN_INFINITE_RECURSION = YES;
				CLANG_WARN_INT_CONVERSION = YES;
				CLANG_WARN_NON_LITERAL_NULL_CONVERSION = YES;
				CLANG_WARN_OBJC_IMPLICIT_RETAIN_SELF = YES;
				CLANG_WARN_OBJC_LITERAL_CONVERSION = YES;
				CLANG_WARN_OBJC_ROOT_CLASS = YES_ERROR;
				CLANG_WARN_QUOTED_INCLUDE_IN_FRAMEWORK_HEADER = YES;
				CLANG_WARN_RANGE_LOOP_ANALYSIS = YES;
				CLANG_WARN_STRICT_PROTOTYPES = YES;
				CLANG_WARN_SUSPICIOUS_MOVE = YES;
				CLANG_WARN_UNGUARDED_AVAILABILITY = YES_AGGRESSIVE;
				CLANG_WARN_UNREACHABLE_CODE = YES;
				CLANG_WARN__DUPLICATE_METHOD_MATCH = YES;
				COPY_PHASE_STRIP = NO;
				DEBUG_INFORMATION_FORMAT = dwarf;
				ENABLE_STRICT_OBJC_MSGSEND = YES;
				ENABLE_TESTABILITY = YES;
				GCC_C_LANGUAGE_STANDARD = gnu11;
				GCC_DYNAMIC_NO_PIC = NO;
				GCC_NO_COMMON_BLOCKS = YES;
				GCC_OPTIMIZATION_LEVEL = 0;
				GCC_PREPROCESSOR_DEFINITIONS = (
					"DEBUG=1",
					"$(inherited)",
				);
				GCC_WARN_64_TO_32_BIT_CONVERSION = YES;
				GCC_WARN_ABOUT_RETURN_TYPE = YES_ERROR;
				GCC_WARN_UNDECLARED_SELECTOR = YES;
				GCC_WARN_UNINITIALIZED_AUTOS = YES_AGGRESSIVE;
				GCC_WARN_UNUSED_FUNCTION = YES;
				GCC_WARN_UNUSED_VARIABLE = YES;
				IPHONEOS_DEPLOYMENT_TARGET = 15.4;
				MTL_ENABLE_DEBUG_INFO = INCLUDE_SOURCE;
				MTL_FAST_MATH = YES;
				ONLY_ACTIVE_ARCH = YES;
				SDKROOT = iphoneos;
				SWIFT_ACTIVE_COMPILATION_CONDITIONS = DEBUG;
				SWIFT_OPTIMIZATION_LEVEL = "-Onone";
			};
			name = Debug;
		};
		E547E1E627F2790C000A9E8F /* Release */ = {
			isa = XCBuildConfiguration;
			buildSettings = {
				ALWAYS_SEARCH_USER_PATHS = NO;
				CLANG_ANALYZER_NONNULL = YES;
				CLANG_ANALYZER_NUMBER_OBJECT_CONVERSION = YES_AGGRESSIVE;
				CLANG_CXX_LANGUAGE_STANDARD = "gnu++17";
				CLANG_ENABLE_MODULES = YES;
				CLANG_ENABLE_OBJC_ARC = YES;
				CLANG_ENABLE_OBJC_WEAK = YES;
				CLANG_WARN_BLOCK_CAPTURE_AUTORELEASING = YES;
				CLANG_WARN_BOOL_CONVERSION = YES;
				CLANG_WARN_COMMA = YES;
				CLANG_WARN_CONSTANT_CONVERSION = YES;
				CLANG_WARN_DEPRECATED_OBJC_IMPLEMENTATIONS = YES;
				CLANG_WARN_DIRECT_OBJC_ISA_USAGE = YES_ERROR;
				CLANG_WARN_DOCUMENTATION_COMMENTS = YES;
				CLANG_WARN_EMPTY_BODY = YES;
				CLANG_WARN_ENUM_CONVERSION = YES;
				CLANG_WARN_INFINITE_RECURSION = YES;
				CLANG_WARN_INT_CONVERSION = YES;
				CLANG_WARN_NON_LITERAL_NULL_CONVERSION = YES;
				CLANG_WARN_OBJC_IMPLICIT_RETAIN_SELF = YES;
				CLANG_WARN_OBJC_LITERAL_CONVERSION = YES;
				CLANG_WARN_OBJC_ROOT_CLASS = YES_ERROR;
				CLANG_WARN_QUOTED_INCLUDE_IN_FRAMEWORK_HEADER = YES;
				CLANG_WARN_RANGE_LOOP_ANALYSIS = YES;
				CLANG_WARN_STRICT_PROTOTYPES = YES;
				CLANG_WARN_SUSPICIOUS_MOVE = YES;
				CLANG_WARN_UNGUARDED_AVAILABILITY = YES_AGGRESSIVE;
				CLANG_WARN_UNREACHABLE_CODE = YES;
				CLANG_WARN__DUPLICATE_METHOD_MATCH = YES;
				COPY_PHASE_STRIP = NO;
				DEBUG_INFORMATION_FORMAT = "dwarf-with-dsym";
				ENABLE_NS_ASSERTIONS = NO;
				ENABLE_STRICT_OBJC_MSGSEND = YES;
				GCC_C_LANGUAGE_STANDARD = gnu11;
				GCC_NO_COMMON_BLOCKS = YES;
				GCC_WARN_64_TO_32_BIT_CONVERSION = YES;
				GCC_WARN_ABOUT_RETURN_TYPE = YES_ERROR;
				GCC_WARN_UNDECLARED_SELECTOR = YES;
				GCC_WARN_UNINITIALIZED_AUTOS = YES_AGGRESSIVE;
				GCC_WARN_UNUSED_FUNCTION = YES;
				GCC_WARN_UNUSED_VARIABLE = YES;
				IPHONEOS_DEPLOYMENT_TARGET = 15.4;
				MTL_ENABLE_DEBUG_INFO = NO;
				MTL_FAST_MATH = YES;
				SDKROOT = iphoneos;
				SWIFT_COMPILATION_MODE = wholemodule;
				SWIFT_OPTIMIZATION_LEVEL = "-O";
				VALIDATE_PRODUCT = YES;
			};
			name = Release;
		};
		E547E1E827F2790C000A9E8F /* Debug */ = {
			isa = XCBuildConfiguration;
			baseConfigurationReference = F228FE0B16AAF6ADCF8DF743 /* Pods-SubscriptionsManager.debug.xcconfig */;
			buildSettings = {
				ASSETCATALOG_COMPILER_APPICON_NAME = AppIcon;
				ASSETCATALOG_COMPILER_GLOBAL_ACCENT_COLOR_NAME = AccentColor;
				CODE_SIGN_STYLE = Automatic;
				CURRENT_PROJECT_VERSION = 1;
				DEVELOPMENT_TEAM = 589ZKTU4Y4;
				GENERATE_INFOPLIST_FILE = YES;
				INFOPLIST_FILE = SubscriptionsManager/Info.plist;
				INFOPLIST_KEY_UIApplicationSupportsIndirectInputEvents = YES;
				INFOPLIST_KEY_UILaunchStoryboardName = LaunchScreen;
				INFOPLIST_KEY_UISupportedInterfaceOrientations_iPad = "UIInterfaceOrientationPortrait UIInterfaceOrientationPortraitUpsideDown UIInterfaceOrientationLandscapeLeft UIInterfaceOrientationLandscapeRight";
				INFOPLIST_KEY_UISupportedInterfaceOrientations_iPhone = "UIInterfaceOrientationPortrait UIInterfaceOrientationLandscapeLeft UIInterfaceOrientationLandscapeRight";
				LD_RUNPATH_SEARCH_PATHS = (
					"$(inherited)",
					"@executable_path/Frameworks",
				);
				MARKETING_VERSION = 1.0;
				PRODUCT_BUNDLE_IDENTIFIER = au.com.thinhtran.SubscriptionsManager;
				PRODUCT_NAME = "$(TARGET_NAME)";
				SWIFT_EMIT_LOC_STRINGS = YES;
				SWIFT_VERSION = 5.0;
				TARGETED_DEVICE_FAMILY = "1,2";
			};
			name = Debug;
		};
		E547E1E927F2790C000A9E8F /* Release */ = {
			isa = XCBuildConfiguration;
			baseConfigurationReference = DA12B6304B760CE8CB769294 /* Pods-SubscriptionsManager.release.xcconfig */;
			buildSettings = {
				ASSETCATALOG_COMPILER_APPICON_NAME = AppIcon;
				ASSETCATALOG_COMPILER_GLOBAL_ACCENT_COLOR_NAME = AccentColor;
				CODE_SIGN_STYLE = Automatic;
				CURRENT_PROJECT_VERSION = 1;
				DEVELOPMENT_TEAM = 589ZKTU4Y4;
				GENERATE_INFOPLIST_FILE = YES;
				INFOPLIST_FILE = SubscriptionsManager/Info.plist;
				INFOPLIST_KEY_UIApplicationSupportsIndirectInputEvents = YES;
				INFOPLIST_KEY_UILaunchStoryboardName = LaunchScreen;
				INFOPLIST_KEY_UISupportedInterfaceOrientations_iPad = "UIInterfaceOrientationPortrait UIInterfaceOrientationPortraitUpsideDown UIInterfaceOrientationLandscapeLeft UIInterfaceOrientationLandscapeRight";
				INFOPLIST_KEY_UISupportedInterfaceOrientations_iPhone = "UIInterfaceOrientationPortrait UIInterfaceOrientationLandscapeLeft UIInterfaceOrientationLandscapeRight";
				LD_RUNPATH_SEARCH_PATHS = (
					"$(inherited)",
					"@executable_path/Frameworks",
				);
				MARKETING_VERSION = 1.0;
				PRODUCT_BUNDLE_IDENTIFIER = au.com.thinhtran.SubscriptionsManager;
				PRODUCT_NAME = "$(TARGET_NAME)";
				SWIFT_EMIT_LOC_STRINGS = YES;
				SWIFT_VERSION = 5.0;
				TARGETED_DEVICE_FAMILY = "1,2";
			};
			name = Release;
		};
/* End XCBuildConfiguration section */

/* Begin XCConfigurationList section */
		E547E1CE27F2790C000A9E8F /* Build configuration list for PBXProject "SubscriptionsManager" */ = {
			isa = XCConfigurationList;
			buildConfigurations = (
				E547E1E527F2790C000A9E8F /* Debug */,
				E547E1E627F2790C000A9E8F /* Release */,
			);
			defaultConfigurationIsVisible = 0;
			defaultConfigurationName = Release;
		};
		E547E1E727F2790C000A9E8F /* Build configuration list for PBXNativeTarget "SubscriptionsManager" */ = {
			isa = XCConfigurationList;
			buildConfigurations = (
				E547E1E827F2790C000A9E8F /* Debug */,
				E547E1E927F2790C000A9E8F /* Release */,
			);
			defaultConfigurationIsVisible = 0;
			defaultConfigurationName = Release;
		};
/* End XCConfigurationList section */

/* Begin XCVersionGroup section */
		4A7FBC77281F50E300B4CAE2 /* SubscriptionCD.xcdatamodeld */ = {
			isa = XCVersionGroup;
			children = (
				4A7FBC78281F50E300B4CAE2 /* SubscriptionCD.xcdatamodel */,
			);
			currentVersion = 4A7FBC78281F50E300B4CAE2 /* SubscriptionCD.xcdatamodel */;
			path = SubscriptionCD.xcdatamodeld;
			sourceTree = "<group>";
			versionGroupType = wrapper.xcdatamodel;
		};
/* End XCVersionGroup section */
	};
	rootObject = E547E1CB27F2790C000A9E8F /* Project object */;
}
